// !$*UTF8*$!
{
	archiveVersion = 1;
	classes = {
	};
	objectVersion = 46;
	objects = {

/* Begin PBXBuildFile section */
		1A0D1079193FD1F2001A5BB0 /* Foundation.framework in Frameworks */ = {isa = PBXBuildFile; fileRef = 1A0D1078193FD1F2001A5BB0 /* Foundation.framework */; };
		1A0D107B193FD1F2001A5BB0 /* CoreGraphics.framework in Frameworks */ = {isa = PBXBuildFile; fileRef = 1A0D107A193FD1F2001A5BB0 /* CoreGraphics.framework */; };
		1A0D107D193FD1F2001A5BB0 /* UIKit.framework in Frameworks */ = {isa = PBXBuildFile; fileRef = 1A0D107C193FD1F2001A5BB0 /* UIKit.framework */; };
		1A0D1083193FD1F2001A5BB0 /* InfoPlist.strings in Resources */ = {isa = PBXBuildFile; fileRef = 1A0D1081193FD1F2001A5BB0 /* InfoPlist.strings */; };
		1A0D1085193FD1F2001A5BB0 /* main.m in Sources */ = {isa = PBXBuildFile; fileRef = 1A0D1084193FD1F2001A5BB0 /* main.m */; };
		1A0D1089193FD1F2001A5BB0 /* UPAppDelegate.m in Sources */ = {isa = PBXBuildFile; fileRef = 1A0D1088193FD1F2001A5BB0 /* UPAppDelegate.m */; };
		1A0D108B193FD1F2001A5BB0 /* Images.xcassets in Resources */ = {isa = PBXBuildFile; fileRef = 1A0D108A193FD1F2001A5BB0 /* Images.xcassets */; };
		1A0D1092193FD1F2001A5BB0 /* XCTest.framework in Frameworks */ = {isa = PBXBuildFile; fileRef = 1A0D1091193FD1F2001A5BB0 /* XCTest.framework */; };
		1A0D1093193FD1F2001A5BB0 /* Foundation.framework in Frameworks */ = {isa = PBXBuildFile; fileRef = 1A0D1078193FD1F2001A5BB0 /* Foundation.framework */; };
		1A0D1094193FD1F2001A5BB0 /* UIKit.framework in Frameworks */ = {isa = PBXBuildFile; fileRef = 1A0D107C193FD1F2001A5BB0 /* UIKit.framework */; };
		1A0D109C193FD1F2001A5BB0 /* InfoPlist.strings in Resources */ = {isa = PBXBuildFile; fileRef = 1A0D109A193FD1F2001A5BB0 /* InfoPlist.strings */; };
		1A0D109E193FD1F2001A5BB0 /* ImgToHtmlConverterTests.m in Sources */ = {isa = PBXBuildFile; fileRef = 1A0D109D193FD1F2001A5BB0 /* ImgToHtmlConverterTests.m */; };
		1A0D10AB193FD24B001A5BB0 /* cover_.jpg in Resources */ = {isa = PBXBuildFile; fileRef = 1A0D10A7193FD24B001A5BB0 /* cover_.jpg */; };
		1A0D10AC193FD24B001A5BB0 /* logo_.png in Resources */ = {isa = PBXBuildFile; fileRef = 1A0D10A8193FD24B001A5BB0 /* logo_.png */; };
		1A0D10AD193FD24B001A5BB0 /* cover.jpg in Resources */ = {isa = PBXBuildFile; fileRef = 1A0D10A9193FD24B001A5BB0 /* cover.jpg */; };
		1A0D10AE193FD24B001A5BB0 /* logo.png in Resources */ = {isa = PBXBuildFile; fileRef = 1A0D10AA193FD24B001A5BB0 /* logo.png */; };
/* End PBXBuildFile section */

/* Begin PBXContainerItemProxy section */
		1A0D1095193FD1F2001A5BB0 /* PBXContainerItemProxy */ = {
			isa = PBXContainerItemProxy;
			containerPortal = 1A0D106D193FD1F2001A5BB0 /* Project object */;
			proxyType = 1;
			remoteGlobalIDString = 1A0D1074193FD1F2001A5BB0;
			remoteInfo = ImgToHtmlConverter;
		};
/* End PBXContainerItemProxy section */

/* Begin PBXFileReference section */
		1A0D1075193FD1F2001A5BB0 /* ImgToHtmlConverter.app */ = {isa = PBXFileReference; explicitFileType = wrapper.application; includeInIndex = 0; path = ImgToHtmlConverter.app; sourceTree = BUILT_PRODUCTS_DIR; };
		1A0D1078193FD1F2001A5BB0 /* Foundation.framework */ = {isa = PBXFileReference; lastKnownFileType = wrapper.framework; name = Foundation.framework; path = System/Library/Frameworks/Foundation.framework; sourceTree = SDKROOT; };
		1A0D107A193FD1F2001A5BB0 /* CoreGraphics.framework */ = {isa = PBXFileReference; lastKnownFileType = wrapper.framework; name = CoreGraphics.framework; path = System/Library/Frameworks/CoreGraphics.framework; sourceTree = SDKROOT; };
		1A0D107C193FD1F2001A5BB0 /* UIKit.framework */ = {isa = PBXFileReference; lastKnownFileType = wrapper.framework; name = UIKit.framework; path = System/Library/Frameworks/UIKit.framework; sourceTree = SDKROOT; };
		1A0D1080193FD1F2001A5BB0 /* ImgToHtmlConverter-Info.plist */ = {isa = PBXFileReference; lastKnownFileType = text.plist.xml; path = "ImgToHtmlConverter-Info.plist"; sourceTree = "<group>"; };
		1A0D1082193FD1F2001A5BB0 /* en */ = {isa = PBXFileReference; lastKnownFileType = text.plist.strings; name = en; path = en.lproj/InfoPlist.strings; sourceTree = "<group>"; };
		1A0D1084193FD1F2001A5BB0 /* main.m */ = {isa = PBXFileReference; lastKnownFileType = sourcecode.c.objc; path = main.m; sourceTree = "<group>"; };
		1A0D1086193FD1F2001A5BB0 /* ImgToHtmlConverter-Prefix.pch */ = {isa = PBXFileReference; lastKnownFileType = sourcecode.c.h; path = "ImgToHtmlConverter-Prefix.pch"; sourceTree = "<group>"; };
		1A0D1087193FD1F2001A5BB0 /* UPAppDelegate.h */ = {isa = PBXFileReference; lastKnownFileType = sourcecode.c.h; path = UPAppDelegate.h; sourceTree = "<group>"; };
		1A0D1088193FD1F2001A5BB0 /* UPAppDelegate.m */ = {isa = PBXFileReference; lastKnownFileType = sourcecode.c.objc; path = UPAppDelegate.m; sourceTree = "<group>"; };
		1A0D108A193FD1F2001A5BB0 /* Images.xcassets */ = {isa = PBXFileReference; lastKnownFileType = folder.assetcatalog; path = Images.xcassets; sourceTree = "<group>"; };
		1A0D1090193FD1F2001A5BB0 /* ImgToHtmlConverterTests.xctest */ = {isa = PBXFileReference; explicitFileType = wrapper.cfbundle; includeInIndex = 0; path = ImgToHtmlConverterTests.xctest; sourceTree = BUILT_PRODUCTS_DIR; };
		1A0D1091193FD1F2001A5BB0 /* XCTest.framework */ = {isa = PBXFileReference; lastKnownFileType = wrapper.framework; name = XCTest.framework; path = Library/Frameworks/XCTest.framework; sourceTree = DEVELOPER_DIR; };
		1A0D1099193FD1F2001A5BB0 /* ImgToHtmlConverterTests-Info.plist */ = {isa = PBXFileReference; lastKnownFileType = text.plist.xml; path = "ImgToHtmlConverterTests-Info.plist"; sourceTree = "<group>"; };
		1A0D109B193FD1F2001A5BB0 /* en */ = {isa = PBXFileReference; lastKnownFileType = text.plist.strings; name = en; path = en.lproj/InfoPlist.strings; sourceTree = "<group>"; };
		1A0D109D193FD1F2001A5BB0 /* ImgToHtmlConverterTests.m */ = {isa = PBXFileReference; lastKnownFileType = sourcecode.c.objc; path = ImgToHtmlConverterTests.m; sourceTree = "<group>"; };
		1A0D10A7193FD24B001A5BB0 /* cover_.jpg */ = {isa = PBXFileReference; lastKnownFileType = image.jpeg; path = cover_.jpg; sourceTree = "<group>"; };
		1A0D10A8193FD24B001A5BB0 /* logo_.png */ = {isa = PBXFileReference; lastKnownFileType = image.png; path = logo_.png; sourceTree = "<group>"; };
		1A0D10A9193FD24B001A5BB0 /* cover.jpg */ = {isa = PBXFileReference; lastKnownFileType = image.jpeg; path = cover.jpg; sourceTree = "<group>"; };
		1A0D10AA193FD24B001A5BB0 /* logo.png */ = {isa = PBXFileReference; lastKnownFileType = image.png; path = logo.png; sourceTree = "<group>"; };
/* End PBXFileReference section */

/* Begin PBXFrameworksBuildPhase section */
		1A0D1072193FD1F2001A5BB0 /* Frameworks */ = {
			isa = PBXFrameworksBuildPhase;
			buildActionMask = 2147483647;
			files = (
				1A0D107B193FD1F2001A5BB0 /* CoreGraphics.framework in Frameworks */,
				1A0D107D193FD1F2001A5BB0 /* UIKit.framework in Frameworks */,
				1A0D1079193FD1F2001A5BB0 /* Foundation.framework in Frameworks */,
			);
			runOnlyForDeploymentPostprocessing = 0;
		};
		1A0D108D193FD1F2001A5BB0 /* Frameworks */ = {
			isa = PBXFrameworksBuildPhase;
			buildActionMask = 2147483647;
			files = (
				1A0D1092193FD1F2001A5BB0 /* XCTest.framework in Frameworks */,
				1A0D1094193FD1F2001A5BB0 /* UIKit.framework in Frameworks */,
				1A0D1093193FD1F2001A5BB0 /* Foundation.framework in Frameworks */,
			);
			runOnlyForDeploymentPostprocessing = 0;
		};
/* End PBXFrameworksBuildPhase section */

/* Begin PBXGroup section */
		1A0D106C193FD1F2001A5BB0 = {
			isa = PBXGroup;
			children = (
				1A0D107E193FD1F2001A5BB0 /* ImgToHtmlConverter */,
				1A0D1097193FD1F2001A5BB0 /* ImgToHtmlConverterTests */,
				1A0D1077193FD1F2001A5BB0 /* Frameworks */,
				1A0D1076193FD1F2001A5BB0 /* Products */,
			);
			sourceTree = "<group>";
		};
		1A0D1076193FD1F2001A5BB0 /* Products */ = {
			isa = PBXGroup;
			children = (
				1A0D1075193FD1F2001A5BB0 /* ImgToHtmlConverter.app */,
				1A0D1090193FD1F2001A5BB0 /* ImgToHtmlConverterTests.xctest */,
			);
			name = Products;
			sourceTree = "<group>";
		};
		1A0D1077193FD1F2001A5BB0 /* Frameworks */ = {
			isa = PBXGroup;
			children = (
				1A0D1078193FD1F2001A5BB0 /* Foundation.framework */,
				1A0D107A193FD1F2001A5BB0 /* CoreGraphics.framework */,
				1A0D107C193FD1F2001A5BB0 /* UIKit.framework */,
				1A0D1091193FD1F2001A5BB0 /* XCTest.framework */,
			);
			name = Frameworks;
			sourceTree = "<group>";
		};
		1A0D107E193FD1F2001A5BB0 /* ImgToHtmlConverter */ = {
			isa = PBXGroup;
			children = (
				1A0D10A7193FD24B001A5BB0 /* cover_.jpg */,
				1A0D10A8193FD24B001A5BB0 /* logo_.png */,
				1A0D10A9193FD24B001A5BB0 /* cover.jpg */,
				1A0D10AA193FD24B001A5BB0 /* logo.png */,
				1A0D1087193FD1F2001A5BB0 /* UPAppDelegate.h */,
				1A0D1088193FD1F2001A5BB0 /* UPAppDelegate.m */,
				1A0D108A193FD1F2001A5BB0 /* Images.xcassets */,
				1A0D107F193FD1F2001A5BB0 /* Supporting Files */,
			);
			path = ImgToHtmlConverter;
			sourceTree = "<group>";
		};
		1A0D107F193FD1F2001A5BB0 /* Supporting Files */ = {
			isa = PBXGroup;
			children = (
				1A0D1080193FD1F2001A5BB0 /* ImgToHtmlConverter-Info.plist */,
				1A0D1081193FD1F2001A5BB0 /* InfoPlist.strings */,
				1A0D1084193FD1F2001A5BB0 /* main.m */,
				1A0D1086193FD1F2001A5BB0 /* ImgToHtmlConverter-Prefix.pch */,
			);
			name = "Supporting Files";
			sourceTree = "<group>";
		};
		1A0D1097193FD1F2001A5BB0 /* ImgToHtmlConverterTests */ = {
			isa = PBXGroup;
			children = (
				1A0D109D193FD1F2001A5BB0 /* ImgToHtmlConverterTests.m */,
				1A0D1098193FD1F2001A5BB0 /* Supporting Files */,
			);
			path = ImgToHtmlConverterTests;
			sourceTree = "<group>";
		};
		1A0D1098193FD1F2001A5BB0 /* Supporting Files */ = {
			isa = PBXGroup;
			children = (
				1A0D1099193FD1F2001A5BB0 /* ImgToHtmlConverterTests-Info.plist */,
				1A0D109A193FD1F2001A5BB0 /* InfoPlist.strings */,
			);
			name = "Supporting Files";
			sourceTree = "<group>";
		};
/* End PBXGroup section */

/* Begin PBXNativeTarget section */
		1A0D1074193FD1F2001A5BB0 /* ImgToHtmlConverter */ = {
			isa = PBXNativeTarget;
			buildConfigurationList = 1A0D10A1193FD1F2001A5BB0 /* Build configuration list for PBXNativeTarget "ImgToHtmlConverter" */;
			buildPhases = (
				1A0D1071193FD1F2001A5BB0 /* Sources */,
				1A0D1072193FD1F2001A5BB0 /* Frameworks */,
				1A0D1073193FD1F2001A5BB0 /* Resources */,
			);
			buildRules = (
			);
			dependencies = (
			);
			name = ImgToHtmlConverter;
			productName = ImgToHtmlConverter;
			productReference = 1A0D1075193FD1F2001A5BB0 /* ImgToHtmlConverter.app */;
			productType = "com.apple.product-type.application";
		};
		1A0D108F193FD1F2001A5BB0 /* ImgToHtmlConverterTests */ = {
			isa = PBXNativeTarget;
			buildConfigurationList = 1A0D10A4193FD1F2001A5BB0 /* Build configuration list for PBXNativeTarget "ImgToHtmlConverterTests" */;
			buildPhases = (
				1A0D108C193FD1F2001A5BB0 /* Sources */,
				1A0D108D193FD1F2001A5BB0 /* Frameworks */,
				1A0D108E193FD1F2001A5BB0 /* Resources */,
			);
			buildRules = (
			);
			dependencies = (
				1A0D1096193FD1F2001A5BB0 /* PBXTargetDependency */,
			);
			name = ImgToHtmlConverterTests;
			productName = ImgToHtmlConverterTests;
			productReference = 1A0D1090193FD1F2001A5BB0 /* ImgToHtmlConverterTests.xctest */;
			productType = "com.apple.product-type.bundle.unit-test";
		};
/* End PBXNativeTarget section */

/* Begin PBXProject section */
		1A0D106D193FD1F2001A5BB0 /* Project object */ = {
			isa = PBXProject;
			attributes = {
				CLASSPREFIX = UP;
				LastUpgradeCheck = 0510;
				ORGANIZATIONNAME = "Pavel Akhrameev";
				TargetAttributes = {
					1A0D108F193FD1F2001A5BB0 = {
						TestTargetID = 1A0D1074193FD1F2001A5BB0;
					};
				};
			};
			buildConfigurationList = 1A0D1070193FD1F2001A5BB0 /* Build configuration list for PBXProject "ImgToHtmlConverter" */;
			compatibilityVersion = "Xcode 3.2";
			developmentRegion = English;
			hasScannedForEncodings = 0;
			knownRegions = (
				en,
			);
			mainGroup = 1A0D106C193FD1F2001A5BB0;
			productRefGroup = 1A0D1076193FD1F2001A5BB0 /* Products */;
			projectDirPath = "";
			projectRoot = "";
			targets = (
				1A0D1074193FD1F2001A5BB0 /* ImgToHtmlConverter */,
				1A0D108F193FD1F2001A5BB0 /* ImgToHtmlConverterTests */,
			);
		};
/* End PBXProject section */

/* Begin PBXResourcesBuildPhase section */
		1A0D1073193FD1F2001A5BB0 /* Resources */ = {
			isa = PBXResourcesBuildPhase;
			buildActionMask = 2147483647;
			files = (
				1A0D10AC193FD24B001A5BB0 /* logo_.png in Resources */,
				1A0D10AB193FD24B001A5BB0 /* cover_.jpg in Resources */,
				1A0D10AE193FD24B001A5BB0 /* logo.png in Resources */,
				1A0D10AD193FD24B001A5BB0 /* cover.jpg in Resources */,
				1A0D1083193FD1F2001A5BB0 /* InfoPlist.strings in Resources */,
				1A0D108B193FD1F2001A5BB0 /* Images.xcassets in Resources */,
			);
			runOnlyForDeploymentPostprocessing = 0;
		};
		1A0D108E193FD1F2001A5BB0 /* Resources */ = {
			isa = PBXResourcesBuildPhase;
			buildActionMask = 2147483647;
			files = (
				1A0D109C193FD1F2001A5BB0 /* InfoPlist.strings in Resources */,
			);
			runOnlyForDeploymentPostprocessing = 0;
		};
/* End PBXResourcesBuildPhase section */

/* Begin PBXSourcesBuildPhase section */
		1A0D1071193FD1F2001A5BB0 /* Sources */ = {
			isa = PBXSourcesBuildPhase;
			buildActionMask = 2147483647;
			files = (
				1A0D1085193FD1F2001A5BB0 /* main.m in Sources */,
				1A0D1089193FD1F2001A5BB0 /* UPAppDelegate.m in Sources */,
			);
			runOnlyForDeploymentPostprocessing = 0;
		};
		1A0D108C193FD1F2001A5BB0 /* Sources */ = {
			isa = PBXSourcesBuildPhase;
			buildActionMask = 2147483647;
			files = (
				1A0D109E193FD1F2001A5BB0 /* ImgToHtmlConverterTests.m in Sources */,
			);
			runOnlyForDeploymentPostprocessing = 0;
		};
/* End PBXSourcesBuildPhase section */

/* Begin PBXTargetDependency section */
		1A0D1096193FD1F2001A5BB0 /* PBXTargetDependency */ = {
			isa = PBXTargetDependency;
			target = 1A0D1074193FD1F2001A5BB0 /* ImgToHtmlConverter */;
			targetProxy = 1A0D1095193FD1F2001A5BB0 /* PBXContainerItemProxy */;
		};
/* End PBXTargetDependency section */

/* Begin PBXVariantGroup section */
		1A0D1081193FD1F2001A5BB0 /* InfoPlist.strings */ = {
			isa = PBXVariantGroup;
			children = (
				1A0D1082193FD1F2001A5BB0 /* en */,
			);
			name = InfoPlist.strings;
			sourceTree = "<group>";
		};
		1A0D109A193FD1F2001A5BB0 /* InfoPlist.strings */ = {
			isa = PBXVariantGroup;
			children = (
				1A0D109B193FD1F2001A5BB0 /* en */,
			);
			name = InfoPlist.strings;
			sourceTree = "<group>";
		};
/* End PBXVariantGroup section */

/* Begin XCBuildConfiguration section */
		1A0D109F193FD1F2001A5BB0 /* Debug */ = {
			isa = XCBuildConfiguration;
			buildSettings = {
				ALWAYS_SEARCH_USER_PATHS = NO;
				CLANG_CXX_LANGUAGE_STANDARD = "gnu++0x";
				CLANG_CXX_LIBRARY = "libc++";
				CLANG_ENABLE_MODULES = YES;
				CLANG_ENABLE_OBJC_ARC = YES;
				CLANG_WARN_BOOL_CONVERSION = YES;
				CLANG_WARN_CONSTANT_CONVERSION = YES;
				CLANG_WARN_DIRECT_OBJC_ISA_USAGE = YES_ERROR;
				CLANG_WARN_EMPTY_BODY = YES;
				CLANG_WARN_ENUM_CONVERSION = YES;
				CLANG_WARN_INT_CONVERSION = YES;
				CLANG_WARN_OBJC_ROOT_CLASS = YES_ERROR;
				CLANG_WARN__DUPLICATE_METHOD_MATCH = YES;
				"CODE_SIGN_IDENTITY[sdk=iphoneos*]" = "iPhone Developer";
				COPY_PHASE_STRIP = NO;
				GCC_C_LANGUAGE_STANDARD = gnu99;
				GCC_DYNAMIC_NO_PIC = NO;
				GCC_OPTIMIZATION_LEVEL = 0;
				GCC_PREPROCESSOR_DEFINITIONS = (
					"DEBUG=1",
					"$(inherited)",
				);
				GCC_SYMBOLS_PRIVATE_EXTERN = NO;
				GCC_WARN_64_TO_32_BIT_CONVERSION = YES;
				GCC_WARN_ABOUT_RETURN_TYPE = YES_ERROR;
				GCC_WARN_UNDECLARED_SELECTOR = YES;
				GCC_WARN_UNINITIALIZED_AUTOS = YES_AGGRESSIVE;
				GCC_WARN_UNUSED_FUNCTION = YES;
				GCC_WARN_UNUSED_VARIABLE = YES;
				IPHONEOS_DEPLOYMENT_TARGET = 7.1;
				ONLY_ACTIVE_ARCH = YES;
				SDKROOT = iphoneos;
				TARGETED_DEVICE_FAMILY = "1,2";
			};
			name = Debug;
		};
		1A0D10A0193FD1F2001A5BB0 /* Release */ = {
			isa = XCBuildConfiguration;
			buildSettings = {
				ALWAYS_SEARCH_USER_PATHS = NO;
				CLANG_CXX_LANGUAGE_STANDARD = "gnu++0x";
				CLANG_CXX_LIBRARY = "libc++";
				CLANG_ENABLE_MODULES = YES;
				CLANG_ENABLE_OBJC_ARC = YES;
				CLANG_WARN_BOOL_CONVERSION = YES;
				CLANG_WARN_CONSTANT_CONVERSION = YES;
				CLANG_WARN_DIRECT_OBJC_ISA_USAGE = YES_ERROR;
				CLANG_WARN_EMPTY_BODY = YES;
				CLANG_WARN_ENUM_CONVERSION = YES;
				CLANG_WARN_INT_CONVERSION = YES;
				CLANG_WARN_OBJC_ROOT_CLASS = YES_ERROR;
				CLANG_WARN__DUPLICATE_METHOD_MATCH = YES;
				"CODE_SIGN_IDENTITY[sdk=iphoneos*]" = "iPhone Developer";
				COPY_PHASE_STRIP = YES;
				ENABLE_NS_ASSERTIONS = NO;
				GCC_C_LANGUAGE_STANDARD = gnu99;
				GCC_WARN_64_TO_32_BIT_CONVERSION = YES;
				GCC_WARN_ABOUT_RETURN_TYPE = YES_ERROR;
				GCC_WARN_UNDECLARED_SELECTOR = YES;
				GCC_WARN_UNINITIALIZED_AUTOS = YES_AGGRESSIVE;
				GCC_WARN_UNUSED_FUNCTION = YES;
				GCC_WARN_UNUSED_VARIABLE = YES;
				IPHONEOS_DEPLOYMENT_TARGET = 7.1;
				SDKROOT = iphoneos;
				TARGETED_DEVICE_FAMILY = "1,2";
				VALIDATE_PRODUCT = YES;
			};
			name = Release;
		};
		1A0D10A2193FD1F2001A5BB0 /* Debug */ = {
			isa = XCBuildConfiguration;
			buildSettings = {
				ASSETCATALOG_COMPILER_APPICON_NAME = AppIcon;
				ASSETCATALOG_COMPILER_LAUNCHIMAGE_NAME = LaunchImage;
				GCC_PRECOMPILE_PREFIX_HEADER = YES;
				GCC_PREFIX_HEADER = "ImgToHtmlConverter/ImgToHtmlConverter-Prefix.pch";
				INFOPLIST_FILE = "ImgToHtmlConverter/ImgToHtmlConverter-Info.plist";
				PRODUCT_NAME = "$(TARGET_NAME)";
				WRAPPER_EXTENSION = app;
			};
			name = Debug;
		};
		1A0D10A3193FD1F2001A5BB0 /* Release */ = {
			isa = XCBuildConfiguration;
			buildSettings = {
				ASSETCATALOG_COMPILER_APPICON_NAME = AppIcon;
				ASSETCATALOG_COMPILER_LAUNCHIMAGE_NAME = LaunchImage;
				GCC_PRECOMPILE_PREFIX_HEADER = YES;
				GCC_PREFIX_HEADER = "ImgToHtmlConverter/ImgToHtmlConverter-Prefix.pch";
				INFOPLIST_FILE = "ImgToHtmlConverter/ImgToHtmlConverter-Info.plist";
				PRODUCT_NAME = "$(TARGET_NAME)";
				WRAPPER_EXTENSION = app;
			};
			name = Release;
		};
		1A0D10A5193FD1F2001A5BB0 /* Debug */ = {
			isa = XCBuildConfiguration;
			buildSettings = {
				BUNDLE_LOADER = "$(BUILT_PRODUCTS_DIR)/ImgToHtmlConverter.app/ImgToHtmlConverter";
				FRAMEWORK_SEARCH_PATHS = (
					"$(SDKROOT)/Developer/Library/Frameworks",
					"$(inherited)",
					"$(DEVELOPER_FRAMEWORKS_DIR)",
				);
				GCC_PRECOMPILE_PREFIX_HEADER = YES;
				GCC_PREFIX_HEADER = "ImgToHtmlConverter/ImgToHtmlConverter-Prefix.pch";
				GCC_PREPROCESSOR_DEFINITIONS = (
					"DEBUG=1",
					"$(inherited)",
				);
				INFOPLIST_FILE = "ImgToHtmlConverterTests/ImgToHtmlConverterTests-Info.plist";
				PRODUCT_NAME = "$(TARGET_NAME)";
				TEST_HOST = "$(BUNDLE_LOADER)";
				WRAPPER_EXTENSION = xctest;
			};
			name = Debug;
		};
		1A0D10A6193FD1F2001A5BB0 /* Release */ = {
			isa = XCBuildConfiguration;
			buildSettings = {
				BUNDLE_LOADER = "$(BUILT_PRODUCTS_DIR)/ImgToHtmlConverter.app/ImgToHtmlConverter";
				FRAMEWORK_SEARCH_PATHS = (
					"$(SDKROOT)/Developer/Library/Frameworks",
					"$(inherited)",
					"$(DEVELOPER_FRAMEWORKS_DIR)",
				);
				GCC_PRECOMPILE_PREFIX_HEADER = YES;
				GCC_PREFIX_HEADER = "ImgToHtmlConverter/ImgToHtmlConverter-Prefix.pch";
				INFOPLIST_FILE = "ImgToHtmlConverterTests/ImgToHtmlConverterTests-Info.plist";
				PRODUCT_NAME = "$(TARGET_NAME)";
				TEST_HOST = "$(BUNDLE_LOADER)";
				WRAPPER_EXTENSION = xctest;
			};
			name = Release;
		};
/* End XCBuildConfiguration section */

/* Begin XCConfigurationList section */
		1A0D1070193FD1F2001A5BB0 /* Build configuration list for PBXProject "ImgToHtmlConverter" */ = {
			isa = XCConfigurationList;
			buildConfigurations = (
				1A0D109F193FD1F2001A5BB0 /* Debug */,
				1A0D10A0193FD1F2001A5BB0 /* Release */,
			);
			defaultConfigurationIsVisible = 0;
			defaultConfigurationName = Release;
		};
		1A0D10A1193FD1F2001A5BB0 /* Build configuration list for PBXNativeTarget "ImgToHtmlConverter" */ = {
			isa = XCConfigurationList;
			buildConfigurations = (
				1A0D10A2193FD1F2001A5BB0 /* Debug */,
				1A0D10A3193FD1F2001A5BB0 /* Release */,
			);
			defaultConfigurationIsVisible = 0;
		};
		1A0D10A4193FD1F2001A5BB0 /* Build configuration list for PBXNativeTarget "ImgToHtmlConverterTests" */ = {
			isa = XCConfigurationList;
			buildConfigurations = (
				1A0D10A5193FD1F2001A5BB0 /* Debug */,
				1A0D10A6193FD1F2001A5BB0 /* Release */,
			);
			defaultConfigurationIsVisible = 0;
		};
/* End XCConfigurationList section */
	};
	rootObject = 1A0D106D193FD1F2001A5BB0 /* Project object */;
}
